# This file is automatically @generated by Cargo.
# It is not intended for manual editing.
version = 3

[[package]]
name = "crop"
version = "0.4.2"
source = "registry+https://github.com/rust-lang/crates.io-index"
checksum = "c0c36a21e864b7accff2cf3bef09af553704556ff2fb704ebee242bfc5c89f10"
dependencies = [
 "str_indices",
]

[[package]]
name = "solution"
version = "0.1.0"
dependencies = [
 "crop",
]

[[package]]
name = "str_indices"
version = "0.4.3"
source = "registry+https://github.com/rust-lang/crates.io-index"
checksum = "e9557cb6521e8d009c51a8666f09356f4b817ba9ba0981a305bd86aee47bd35c"
