# This file is automatically @generated by Cargo.
# It is not intended for manual editing.
version = 4

[[package]]
name = "proconio"
version = "0.6.0"
source = "registry+https://github.com/rust-lang/crates.io-index"
checksum = "4a5e55af233c003f8ae4b79a006192e516243c965438dbc318e7459b910b0220"

[[package]]
name = "solution"
version = "0.1.0"
dependencies = [
 "proconio",
]
